
Microsoft Visual Studio Solution File, Format Version 12.00
Project("{FAE04EC0-301F-11D3-BF4B-00C04F79EFBC}") = "Moahk", "TonnelRelayerParser\Moahk.csproj", "{ABC86BB5-DEC8-4774-B914-09F3FF116FB9}"
EndProject
Global
	GlobalSection(SolutionConfigurationPlatforms) = preSolution
		Debug|Any CPU = Debug|Any CPU
		Release|Any CPU = Release|Any CPU
	EndGlobalSection
	GlobalSection(ProjectConfigurationPlatforms) = postSolution
		{ABC86BB5-DEC8-4774-B914-09F3FF116FB9}.Debug|Any CPU.ActiveCfg = Debug|Any CPU
		{ABC86BB5-DEC8-4774-B914-09F3FF116FB9}.Debug|Any CPU.Build.0 = Debug|Any CPU
		{ABC86BB5-DEC8-4774-B914-09F3FF116FB9}.Release|Any CPU.ActiveCfg = Release|Any CPU
		{ABC86BB5-DEC8-4774-B914-09F3FF116FB9}.Release|Any CPU.Build.0 = Release|Any CPU
	EndGlobalSection
EndGlobal
